# This file is autogenerated, do not edit; changes may be undone by the next 'dep ensure'.


[[projects]]
  branch = "master"
  name = "emersyx.net/emersyx_apis"
  packages = ["emcomapi"]
  revision = "2ff5e668f18159ebf8fec9b99c5bec924d72b3c0"

[solve-meta]
  analyzer-name = "dep"
  analyzer-version = 1
  inputs-digest = "7eb3471c1676617bbd19ac90245253510deb9d7b9a0449f5b5f56a2d2dca4379"
  solver-name = "gps-cdcl"
  solver-version = 1
