# This file is autogenerated, do not edit; changes may be undone by the next 'dep ensure'.


[[projects]]
  branch = "master"
  name = "emersyx.net/emersyx_apis"
  packages = ["emcomapi","emrtrapi"]
  revision = "7d7a6d4783a19b96d658270af206b1e04de8c941"

[solve-meta]
  analyzer-name = "dep"
  analyzer-version = 1
  inputs-digest = "b3f07a794b2d19e9eea1286278a85707f19ab469816a65cf5aac11c5d2cf8f1a"
  solver-name = "gps-cdcl"
  solver-version = 1
